Microsoft Visual Studio Solution File, Format Version 12.00
# Visual Studio Version 17
VisualStudioVersion = 17.5.2.0
MinimumVisualStudioVersion = 10.0.40219.1
Project("{FAE04EC0-301F-11D3-BF4B-00C04F79EFBC}") = "VLSMCalculator", "VLSMCalculator.csproj", "{60255431-5BA4-EED0-A592-D0ECBCB8CDF1}"
EndProject
Global
	GlobalSection(SolutionConfigurationPlatforms) = preSolution
		Debug|Any CPU = Debug|Any CPU
		Release|Any CPU = Release|Any CPU
	EndGlobalSection
	GlobalSection(ProjectConfigurationPlatforms) = postSolution
		{60255431-5BA4-EED0-A592-D0ECBCB8CDF1}.Debug|Any CPU.ActiveCfg = Debug|Any CPU
		{60255431-5BA4-EED0-A592-D0ECBCB8CDF1}.Debug|Any CPU.Build.0 = Debug|Any CPU
		{60255431-5BA4-EED0-A592-D0ECBCB8CDF1}.Release|Any CPU.ActiveCfg = Release|Any CPU
		{60255431-5BA4-EED0-A592-D0ECBCB8CDF1}.Release|Any CPU.Build.0 = Release|Any CPU
	EndGlobalSection
	GlobalSection(SolutionProperties) = preSolution
		HideSolutionNode = FALSE
	EndGlobalSection
	GlobalSection(ExtensibilityGlobals) = postSolution
		SolutionGuid = {94E77241-1AA7-4EB0-9344-D6587FE8C05D}
	EndGlobalSection
EndGlobal
